// !$*UTF8*$!
{
	archiveVersion = 1;
	classes = {
	};
	objectVersion = 42;
	objects = {

/* Begin PBXBuildFile section */
		47E7801E2555A8E400D21DBB /* test.h in Headers */ = {isa = PBXBuildFile; fileRef = AECF4DC90D042C5F00B44D6E /* test.h */; };
		47E780212555A8E400D21DBB /* test.m in Sources */ = {isa = PBXBuildFile; fileRef = AECF4DCA0D042C5F00B44D6E /* test.m */; };
		47E780252555A8E400D21DBB /* Foundation.framework in Frameworks */ = {isa = PBXBuildFile; fileRef = 08FB779EFE84155DC02AAC07 /* Foundation.framework */; };
		47E7803A2555A90D00D21DBB /* librococoa-test.dylib in CopyFiles */ = {isa = PBXBuildFile; fileRef = 47E7802B2555A8E400D21DBB /* librococoa-test.dylib */; };
		47E7803E2555A95C00D21DBB /* librococoa.dylib in Frameworks */ = {isa = PBXBuildFile; fileRef = AED079210CEC69DC00542DAC /* librococoa.dylib */; };
		AE1E31B20CFB1D1900508B04 /* ProxyForJava.h in Headers */ = {isa = PBXBuildFile; fileRef = AE1E31AE0CFB1D1900508B04 /* ProxyForJava.h */; };
		AE1E31B30CFB1D1900508B04 /* ProxyForJava.m in Sources */ = {isa = PBXBuildFile; fileRef = AE1E31AF0CFB1D1900508B04 /* ProxyForJava.m */; };
		AEA357FC0CEDFBDF00AE7D09 /* Rococoa.m in Sources */ = {isa = PBXBuildFile; fileRef = AEA357790CECA01400AE7D09 /* Rococoa.m */; };
		AEAEF7770D0EAEE700DA270B /* librococoa.dylib in CopyFiles */ = {isa = PBXBuildFile; fileRef = AED079210CEC69DC00542DAC /* librococoa.dylib */; };
		AED079230CEC6A0A00542DAC /* Foundation.framework in Frameworks */ = {isa = PBXBuildFile; fileRef = 08FB779EFE84155DC02AAC07 /* Foundation.framework */; };
/* End PBXBuildFile section */

/* Begin PBXContainerItemProxy section */
		47E780382555A8FB00D21DBB /* PBXContainerItemProxy */ = {
			isa = PBXContainerItemProxy;
			containerPortal = 08FB7793FE84155DC02AAC07 /* Project object */;
			proxyType = 1;
			remoteGlobalIDString = AED079200CEC69DC00542DAC;
			remoteInfo = librococoa;
		};
/* End PBXContainerItemProxy section */

/* Begin PBXCopyFilesBuildPhase section */
		47E780262555A8E400D21DBB /* CopyFiles */ = {
			isa = PBXCopyFilesBuildPhase;
			buildActionMask = 2147483647;
			dstPath = ../..;
			dstSubfolderSpec = 16;
			files = (
				47E7803A2555A90D00D21DBB /* librococoa-test.dylib in CopyFiles */,
			);
			runOnlyForDeploymentPostprocessing = 0;
		};
		AEAEF7750D0EAED000DA270B /* CopyFiles */ = {
			isa = PBXCopyFilesBuildPhase;
			buildActionMask = 2147483647;
			dstPath = ../..;
			dstSubfolderSpec = 16;
			files = (
				AEAEF7770D0EAEE700DA270B /* librococoa.dylib in CopyFiles */,
			);
			runOnlyForDeploymentPostprocessing = 0;
		};
/* End PBXCopyFilesBuildPhase section */

/* Begin PBXFileReference section */
		08FB779EFE84155DC02AAC07 /* Foundation.framework */ = {isa = PBXFileReference; lastKnownFileType = wrapper.framework; name = Foundation.framework; path = /System/Library/Frameworks/Foundation.framework; sourceTree = "<absolute>"; };
		47E7802B2555A8E400D21DBB /* librococoa-test.dylib */ = {isa = PBXFileReference; explicitFileType = "compiled.mach-o.dylib"; includeInIndex = 0; path = "librococoa-test.dylib"; sourceTree = BUILT_PRODUCTS_DIR; };
		AE1E31AE0CFB1D1900508B04 /* ProxyForJava.h */ = {isa = PBXFileReference; fileEncoding = 4; lastKnownFileType = sourcecode.c.h; path = ProxyForJava.h; sourceTree = "<group>"; };
		AE1E31AF0CFB1D1900508B04 /* ProxyForJava.m */ = {isa = PBXFileReference; fileEncoding = 4; lastKnownFileType = sourcecode.c.objc; path = ProxyForJava.m; sourceTree = "<group>"; };
		AEA357770CECA01400AE7D09 /* scratch.m */ = {isa = PBXFileReference; fileEncoding = 30; lastKnownFileType = sourcecode.c.objc; path = scratch.m; sourceTree = "<group>"; };
		AEA357780CECA01400AE7D09 /* Rococoa.h */ = {isa = PBXFileReference; fileEncoding = 30; lastKnownFileType = sourcecode.c.h; path = Rococoa.h; sourceTree = "<group>"; };
		AEA357790CECA01400AE7D09 /* Rococoa.m */ = {isa = PBXFileReference; fileEncoding = 30; lastKnownFileType = sourcecode.c.objc; path = Rococoa.m; sourceTree = "<group>"; };
		AECF4DC90D042C5F00B44D6E /* test.h */ = {isa = PBXFileReference; fileEncoding = 4; lastKnownFileType = sourcecode.c.h; path = test.h; sourceTree = "<group>"; };
		AECF4DCA0D042C5F00B44D6E /* test.m */ = {isa = PBXFileReference; fileEncoding = 4; lastKnownFileType = sourcecode.c.objc; path = test.m; sourceTree = "<group>"; };
		AED079210CEC69DC00542DAC /* librococoa.dylib */ = {isa = PBXFileReference; explicitFileType = "compiled.mach-o.dylib"; includeInIndex = 0; path = librococoa.dylib; sourceTree = BUILT_PRODUCTS_DIR; };
		C6859EA3029092ED04C91782 /* rococoa.1 */ = {isa = PBXFileReference; lastKnownFileType = text.man; path = rococoa.1; sourceTree = "<group>"; };
/* End PBXFileReference section */

/* Begin PBXFrameworksBuildPhase section */
		47E780242555A8E400D21DBB /* Frameworks */ = {
			isa = PBXFrameworksBuildPhase;
			buildActionMask = 2147483647;
			files = (
				47E7803E2555A95C00D21DBB /* librococoa.dylib in Frameworks */,
				47E780252555A8E400D21DBB /* Foundation.framework in Frameworks */,
			);
			runOnlyForDeploymentPostprocessing = 0;
		};
		AED0791F0CEC69DC00542DAC /* Frameworks */ = {
			isa = PBXFrameworksBuildPhase;
			buildActionMask = 2147483647;
			files = (
				AED079230CEC6A0A00542DAC /* Foundation.framework in Frameworks */,
			);
			runOnlyForDeploymentPostprocessing = 0;
		};
/* End PBXFrameworksBuildPhase section */

/* Begin PBXGroup section */
		08FB7794FE84155DC02AAC07 /* rococoa */ = {
			isa = PBXGroup;
			children = (
				08FB7795FE84155DC02AAC07 /* Source */,
				C6859EA2029092E104C91782 /* Documentation */,
				08FB779DFE84155DC02AAC07 /* External Frameworks and Libraries */,
				1AB674ADFE9D54B511CA2CBB /* Products */,
				47E7803D2555A95C00D21DBB /* Frameworks */,
			);
			name = rococoa;
			sourceTree = "<group>";
		};
		08FB7795FE84155DC02AAC07 /* Source */ = {
			isa = PBXGroup;
			children = (
				AEA357760CECA01400AE7D09 /* native */,
			);
			name = Source;
			sourceTree = "<group>";
		};
		08FB779DFE84155DC02AAC07 /* External Frameworks and Libraries */ = {
			isa = PBXGroup;
			children = (
				08FB779EFE84155DC02AAC07 /* Foundation.framework */,
			);
			name = "External Frameworks and Libraries";
			sourceTree = "<group>";
		};
		1AB674ADFE9D54B511CA2CBB /* Products */ = {
			isa = PBXGroup;
			children = (
				AED079210CEC69DC00542DAC /* librococoa.dylib */,
				47E7802B2555A8E400D21DBB /* librococoa-test.dylib */,
			);
			name = Products;
			sourceTree = "<group>";
		};
		47E7803D2555A95C00D21DBB /* Frameworks */ = {
			isa = PBXGroup;
			children = (
			);
			name = Frameworks;
			sourceTree = "<group>";
		};
		AEA357760CECA01400AE7D09 /* native */ = {
			isa = PBXGroup;
			children = (
				AE1E31AE0CFB1D1900508B04 /* ProxyForJava.h */,
				AE1E31AF0CFB1D1900508B04 /* ProxyForJava.m */,
				AECF4DC90D042C5F00B44D6E /* test.h */,
				AECF4DCA0D042C5F00B44D6E /* test.m */,
				AEA357770CECA01400AE7D09 /* scratch.m */,
				AEA357780CECA01400AE7D09 /* Rococoa.h */,
				AEA357790CECA01400AE7D09 /* Rococoa.m */,
			);
			name = native;
			path = src/main/native;
			sourceTree = "<group>";
		};
		C6859EA2029092E104C91782 /* Documentation */ = {
			isa = PBXGroup;
			children = (
				C6859EA3029092ED04C91782 /* rococoa.1 */,
			);
			name = Documentation;
			sourceTree = "<group>";
		};
/* End PBXGroup section */

/* Begin PBXHeadersBuildPhase section */
		47E7801D2555A8E400D21DBB /* Headers */ = {
			isa = PBXHeadersBuildPhase;
			buildActionMask = 2147483647;
			files = (
				47E7801E2555A8E400D21DBB /* test.h in Headers */,
			);
			runOnlyForDeploymentPostprocessing = 0;
		};
		AED0791D0CEC69DC00542DAC /* Headers */ = {
			isa = PBXHeadersBuildPhase;
			buildActionMask = 2147483647;
			files = (
				AE1E31B20CFB1D1900508B04 /* ProxyForJava.h in Headers */,
			);
			runOnlyForDeploymentPostprocessing = 0;
		};
/* End PBXHeadersBuildPhase section */

/* Begin PBXNativeTarget section */
		47E7801C2555A8E400D21DBB /* librococoa-test */ = {
			isa = PBXNativeTarget;
			buildConfigurationList = 47E780282555A8E400D21DBB /* Build configuration list for PBXNativeTarget "librococoa-test" */;
			buildPhases = (
				47E7801D2555A8E400D21DBB /* Headers */,
				47E780202555A8E400D21DBB /* Sources */,
				47E780242555A8E400D21DBB /* Frameworks */,
				47E780262555A8E400D21DBB /* CopyFiles */,
			);
			buildRules = (
			);
			dependencies = (
				47E780392555A8FB00D21DBB /* PBXTargetDependency */,
			);
			name = "librococoa-test";
			productName = rococoalib;
			productReference = 47E7802B2555A8E400D21DBB /* librococoa-test.dylib */;
			productType = "com.apple.product-type.library.dynamic";
		};
		AED079200CEC69DC00542DAC /* librococoa */ = {
			isa = PBXNativeTarget;
			buildConfigurationList = AED079A10CEC6A3800542DAC /* Build configuration list for PBXNativeTarget "librococoa" */;
			buildPhases = (
				AED0791D0CEC69DC00542DAC /* Headers */,
				AED0791E0CEC69DC00542DAC /* Sources */,
				AED0791F0CEC69DC00542DAC /* Frameworks */,
				AEAEF7750D0EAED000DA270B /* CopyFiles */,
			);
			buildRules = (
			);
			dependencies = (
			);
			name = librococoa;
			productName = rococoalib;
			productReference = AED079210CEC69DC00542DAC /* librococoa.dylib */;
			productType = "com.apple.product-type.library.dynamic";
		};
/* End PBXNativeTarget section */

/* Begin PBXProject section */
		08FB7793FE84155DC02AAC07 /* Project object */ = {
			isa = PBXProject;
			attributes = {
				LastUpgradeCheck = 1210;
			};
			buildConfigurationList = 1DEB927808733DD40010E9CD /* Build configuration list for PBXProject "rococoa" */;
			compatibilityVersion = "Xcode 2.4";
			developmentRegion = en;
			hasScannedForEncodings = 1;
			knownRegions = (
				en,
				Base,
			);
			mainGroup = 08FB7794FE84155DC02AAC07 /* rococoa */;
			projectDirPath = "";
			projectRoot = "";
			targets = (
				AED079200CEC69DC00542DAC /* librococoa */,
				47E7801C2555A8E400D21DBB /* librococoa-test */,
			);
		};
/* End PBXProject section */

/* Begin PBXSourcesBuildPhase section */
		47E780202555A8E400D21DBB /* Sources */ = {
			isa = PBXSourcesBuildPhase;
			buildActionMask = 2147483647;
			files = (
				47E780212555A8E400D21DBB /* test.m in Sources */,
			);
			runOnlyForDeploymentPostprocessing = 0;
		};
		AED0791E0CEC69DC00542DAC /* Sources */ = {
			isa = PBXSourcesBuildPhase;
			buildActionMask = 2147483647;
			files = (
				AEA357FC0CEDFBDF00AE7D09 /* Rococoa.m in Sources */,
				AE1E31B30CFB1D1900508B04 /* ProxyForJava.m in Sources */,
			);
			runOnlyForDeploymentPostprocessing = 0;
		};
/* End PBXSourcesBuildPhase section */

/* Begin PBXTargetDependency section */
		47E780392555A8FB00D21DBB /* PBXTargetDependency */ = {
			isa = PBXTargetDependency;
			target = AED079200CEC69DC00542DAC /* librococoa */;
			targetProxy = 47E780382555A8FB00D21DBB /* PBXContainerItemProxy */;
		};
/* End PBXTargetDependency section */

/* Begin XCBuildConfiguration section */
		1DEB927908733DD40010E9CD /* Debug */ = {
			isa = XCBuildConfiguration;
			buildSettings = {
				CLANG_ANALYZER_LOCALIZABILITY_NONLOCALIZED = YES;
				CLANG_WARN_BLOCK_CAPTURE_AUTORELEASING = YES;
				CLANG_WARN_BOOL_CONVERSION = YES;
				CLANG_WARN_COMMA = YES;
				CLANG_WARN_CONSTANT_CONVERSION = YES;
				CLANG_WARN_DEPRECATED_OBJC_IMPLEMENTATIONS = YES;
				CLANG_WARN_EMPTY_BODY = YES;
				CLANG_WARN_ENUM_CONVERSION = YES;
				CLANG_WARN_INFINITE_RECURSION = YES;
				CLANG_WARN_INT_CONVERSION = YES;
				CLANG_WARN_NON_LITERAL_NULL_CONVERSION = YES;
				CLANG_WARN_OBJC_IMPLICIT_RETAIN_SELF = YES;
				CLANG_WARN_OBJC_LITERAL_CONVERSION = YES;
				CLANG_WARN_QUOTED_INCLUDE_IN_FRAMEWORK_HEADER = YES;
				CLANG_WARN_RANGE_LOOP_ANALYSIS = YES;
				CLANG_WARN_STRICT_PROTOTYPES = YES;
				CLANG_WARN_SUSPICIOUS_MOVE = YES;
				CLANG_WARN_UNREACHABLE_CODE = YES;
				CLANG_WARN__DUPLICATE_METHOD_MATCH = YES;
				ENABLE_STRICT_OBJC_MSGSEND = YES;
				ENABLE_TESTABILITY = YES;
				GCC_NO_COMMON_BLOCKS = YES;
				GCC_WARN_64_TO_32_BIT_CONVERSION = YES;
				GCC_WARN_ABOUT_RETURN_TYPE = YES;
				GCC_WARN_UNDECLARED_SELECTOR = YES;
				GCC_WARN_UNINITIALIZED_AUTOS = YES;
				GCC_WARN_UNUSED_FUNCTION = YES;
				GCC_WARN_UNUSED_VARIABLE = YES;
				MACOSX_DEPLOYMENT_TARGET = 10.9;
				ONLY_ACTIVE_ARCH = YES;
			};
			name = Debug;
		};
		1DEB927A08733DD40010E9CD /* Release */ = {
			isa = XCBuildConfiguration;
			buildSettings = {
				CLANG_ANALYZER_LOCALIZABILITY_NONLOCALIZED = YES;
				CLANG_WARN_BLOCK_CAPTURE_AUTORELEASING = YES;
				CLANG_WARN_BOOL_CONVERSION = YES;
				CLANG_WARN_COMMA = YES;
				CLANG_WARN_CONSTANT_CONVERSION = YES;
				CLANG_WARN_DEPRECATED_OBJC_IMPLEMENTATIONS = YES;
				CLANG_WARN_EMPTY_BODY = YES;
				CLANG_WARN_ENUM_CONVERSION = YES;
				CLANG_WARN_INFINITE_RECURSION = YES;
				CLANG_WARN_INT_CONVERSION = YES;
				CLANG_WARN_NON_LITERAL_NULL_CONVERSION = YES;
				CLANG_WARN_OBJC_IMPLICIT_RETAIN_SELF = YES;
				CLANG_WARN_OBJC_LITERAL_CONVERSION = YES;
				CLANG_WARN_QUOTED_INCLUDE_IN_FRAMEWORK_HEADER = YES;
				CLANG_WARN_RANGE_LOOP_ANALYSIS = YES;
				CLANG_WARN_STRICT_PROTOTYPES = YES;
				CLANG_WARN_SUSPICIOUS_MOVE = YES;
				CLANG_WARN_UNREACHABLE_CODE = YES;
				CLANG_WARN__DUPLICATE_METHOD_MATCH = YES;
				ENABLE_STRICT_OBJC_MSGSEND = YES;
				GCC_NO_COMMON_BLOCKS = YES;
				GCC_WARN_64_TO_32_BIT_CONVERSION = YES;
				GCC_WARN_ABOUT_RETURN_TYPE = YES;
				GCC_WARN_UNDECLARED_SELECTOR = YES;
				GCC_WARN_UNINITIALIZED_AUTOS = YES;
				GCC_WARN_UNUSED_FUNCTION = YES;
				GCC_WARN_UNUSED_VARIABLE = YES;
				MACOSX_DEPLOYMENT_TARGET = 10.9;
			};
			name = Release;
		};
		47E780292555A8E400D21DBB /* Debug */ = {
			isa = XCBuildConfiguration;
			buildSettings = {
				ARCHS_STANDARD_32_64_BIT_PRE_XCODE_3_1 = "ppc i386 ppc64 x86_64";
				CLANG_ENABLE_OBJC_WEAK = YES;
				COPY_PHASE_STRIP = NO;
				DYLIB_COMPATIBILITY_VERSION = 1;
				DYLIB_CURRENT_VERSION = 1;
				GCC_DYNAMIC_NO_PIC = NO;
				GCC_GENERATE_DEBUGGING_SYMBOLS = YES;
				GCC_MODEL_TUNING = G5;
				GCC_OPTIMIZATION_LEVEL = 0;
				GCC_PRECOMPILE_PREFIX_HEADER = YES;
				GCC_PREFIX_HEADER = "$(SYSTEM_LIBRARY_DIR)/Frameworks/AppKit.framework/Headers/AppKit.h";
				INSTALL_PATH = /usr/local/lib;
				OTHER_LDFLAGS = (
					"-framework",
					Foundation,
					"-framework",
					AppKit,
				);
				PRODUCT_NAME = "$(TARGET_NAME)";
				ZERO_LINK = YES;
			};
			name = Debug;
		};
		47E7802A2555A8E400D21DBB /* Release */ = {
			isa = XCBuildConfiguration;
			buildSettings = {
				ARCHS_STANDARD_32_64_BIT_PRE_XCODE_3_1 = "ppc i386 ppc64 x86_64";
				CLANG_ENABLE_OBJC_WEAK = YES;
				COPY_PHASE_STRIP = YES;
				DYLIB_COMPATIBILITY_VERSION = 1;
				DYLIB_CURRENT_VERSION = 1;
				GCC_DYNAMIC_NO_PIC = NO;
				GCC_GENERATE_DEBUGGING_SYMBOLS = NO;
				GCC_MODEL_TUNING = G5;
				GCC_PRECOMPILE_PREFIX_HEADER = YES;
				GCC_PREFIX_HEADER = "$(SYSTEM_LIBRARY_DIR)/Frameworks/AppKit.framework/Headers/AppKit.h";
				INSTALL_PATH = /usr/local/lib;
				OTHER_LDFLAGS = (
					"-framework",
					Foundation,
					"-framework",
					AppKit,
				);
				PRODUCT_NAME = "$(TARGET_NAME)";
				ZERO_LINK = NO;
			};
			name = Release;
		};
		AED079A20CEC6A3800542DAC /* Debug */ = {
			isa = XCBuildConfiguration;
			buildSettings = {
				ARCHS_STANDARD_32_64_BIT_PRE_XCODE_3_1 = "ppc i386 ppc64 x86_64";
				CLANG_ENABLE_OBJC_WEAK = YES;
				COPY_PHASE_STRIP = NO;
				DYLIB_COMPATIBILITY_VERSION = 1;
				DYLIB_CURRENT_VERSION = 1;
				GCC_DYNAMIC_NO_PIC = NO;
				GCC_GENERATE_DEBUGGING_SYMBOLS = YES;
				GCC_MODEL_TUNING = G5;
				GCC_OPTIMIZATION_LEVEL = 0;
				GCC_PRECOMPILE_PREFIX_HEADER = YES;
				GCC_PREFIX_HEADER = "$(SYSTEM_LIBRARY_DIR)/Frameworks/AppKit.framework/Headers/AppKit.h";
				INSTALL_PATH = "@loader_path";
				OTHER_LDFLAGS = (
					"-framework",
					Foundation,
					"-framework",
					AppKit,
				);
				PRODUCT_NAME = librococoa;
				ZERO_LINK = YES;
			};
			name = Debug;
		};
		AED079A30CEC6A3800542DAC /* Release */ = {
			isa = XCBuildConfiguration;
			buildSettings = {
				ARCHS_STANDARD_32_64_BIT_PRE_XCODE_3_1 = "ppc i386 ppc64 x86_64";
				CLANG_ENABLE_OBJC_WEAK = YES;
				COPY_PHASE_STRIP = YES;
				DYLIB_COMPATIBILITY_VERSION = 1;
				DYLIB_CURRENT_VERSION = 1;
				GCC_DYNAMIC_NO_PIC = NO;
				GCC_GENERATE_DEBUGGING_SYMBOLS = NO;
				GCC_MODEL_TUNING = G5;
				GCC_PRECOMPILE_PREFIX_HEADER = YES;
				GCC_PREFIX_HEADER = "$(SYSTEM_LIBRARY_DIR)/Frameworks/AppKit.framework/Headers/AppKit.h";
				INSTALL_PATH = "@loader_path";
				OTHER_LDFLAGS = (
					"-framework",
					Foundation,
					"-framework",
					AppKit,
				);
				PRODUCT_NAME = librococoa;
				ZERO_LINK = NO;
			};
			name = Release;
		};
/* End XCBuildConfiguration section */

/* Begin XCConfigurationList section */
		1DEB927808733DD40010E9CD /* Build configuration list for PBXProject "rococoa" */ = {
			isa = XCConfigurationList;
			buildConfigurations = (
				1DEB927908733DD40010E9CD /* Debug */,
				1DEB927A08733DD40010E9CD /* Release */,
			);
			defaultConfigurationIsVisible = 0;
			defaultConfigurationName = Release;
		};
		47E780282555A8E400D21DBB /* Build configuration list for PBXNativeTarget "librococoa-test" */ = {
			isa = XCConfigurationList;
			buildConfigurations = (
				47E780292555A8E400D21DBB /* Debug */,
				47E7802A2555A8E400D21DBB /* Release */,
			);
			defaultConfigurationIsVisible = 0;
			defaultConfigurationName = Release;
		};
		AED079A10CEC6A3800542DAC /* Build configuration list for PBXNativeTarget "librococoa" */ = {
			isa = XCConfigurationList;
			buildConfigurations = (
				AED079A20CEC6A3800542DAC /* Debug */,
				AED079A30CEC6A3800542DAC /* Release */,
			);
			defaultConfigurationIsVisible = 0;
			defaultConfigurationName = Release;
		};
/* End XCConfigurationList section */
	};
	rootObject = 08FB7793FE84155DC02AAC07 /* Project object */;
}
